<?xml version="1.0" encoding="utf-8"?>
<Project ToolsVersion="4.0" xmlns="http://schemas.microsoft.com/developer/msbuild/2003">
  <ItemGroup>
    <Filter Include="소스 파일">
      <UniqueIdentifier>{4FC737F1-C7A5-4376-A066-2A32D752A2FF}</UniqueIdentifier>
      <Extensions>cpp;c;cc;cxx;def;odl;idl;hpj;bat;asm;asmx</Extensions>
    </Filter>
    <Filter Include="헤더 파일">
      <UniqueIdentifier>{93995380-89BD-4b04-88EB-625FBE52EBFB}</UniqueIdentifier>
      <Extensions>h;hh;hpp;hxx;hm;inl;inc;xsd</Extensions>
    </Filter>
    <Filter Include="리소스 파일">
      <UniqueIdentifier>{67DA6AB6-F800-4c08-8B7A-83BB121AAD01}</UniqueIdentifier>
      <Extensions>rc;ico;cur;bmp;dlg;rc2;rct;bin;rgs;gif;jpg;jpeg;jpe;resx;tiff;tif;png;wav;mfcribbon-ms</Extensions>
    </Filter>
    <Filter Include="소스 파일\Stream">
      <UniqueIdentifier>{9de748b1-8ecd-4906-b479-a3161bb2eb86}</UniqueIdentifier>
    </Filter>
    <Filter Include="소스 파일\Registry">
      <UniqueIdentifier>{a22cbbb7-0521-438d-b815-453346dddc57}</UniqueIdentifier>
    </Filter>
    <Filter Include="소스 파일\IniFile">
      <UniqueIdentifier>{aa2368ab-630f-4d0a-ae8d-91fabcb66c35}</UniqueIdentifier>
    </Filter>
    <Filter Include="소스 파일\Log">
      <UniqueIdentifier>{cd152fee-457b-4516-bc2f-769d09401d74}</UniqueIdentifier>
    </Filter>
    <Filter Include="소스 파일\CircularQueue">
      <UniqueIdentifier>{c96bed28-11cb-487b-90a6-a009655d5c79}</UniqueIdentifier>
    </Filter>
    <Filter Include="소스 파일\MemoryPool">
      <UniqueIdentifier>{182da054-cb46-4964-a487-c713aad095e5}</UniqueIdentifier>
    </Filter>
    <Filter Include="소스 파일\Crypt">
      <UniqueIdentifier>{1f2cb80d-86d4-4d79-a2bb-4b546a4e40d3}</UniqueIdentifier>
    </Filter>
    <Filter Include="소스 파일\MiniDump">
      <UniqueIdentifier>{88a8e08c-535a-4895-ae4f-04a4ae78cc1a}</UniqueIdentifier>
    </Filter>
    <Filter Include="소스 파일\ThreadSync">
      <UniqueIdentifier>{4bc29290-a4cf-4743-aad7-54b0cdcaa354}</UniqueIdentifier>
    </Filter>
  </ItemGroup>
  <ItemGroup>
    <Text Include="ReadMe.txt" />
  </ItemGroup>
  <ItemGroup>
    <ClInclude Include="stdafx.h">
      <Filter>헤더 파일</Filter>
    </ClInclude>
    <ClInclude Include="targetver.h">
      <Filter>헤더 파일</Filter>
    </ClInclude>
    <ClInclude Include="Stream.h">
      <Filter>소스 파일\Stream</Filter>
    </ClInclude>
    <ClInclude Include="Registry.h">
      <Filter>소스 파일\Registry</Filter>
    </ClInclude>
    <ClInclude Include="IniFile.h">
      <Filter>소스 파일\IniFile</Filter>
    </ClInclude>
    <ClInclude Include="CircularQueue.h">
      <Filter>소스 파일\CircularQueue</Filter>
    </ClInclude>
    <ClInclude Include="Log.h">
      <Filter>소스 파일\Log</Filter>
    </ClInclude>
    <ClInclude Include="MemoryPool.h">
      <Filter>소스 파일\MemoryPool</Filter>
    </ClInclude>
    <ClInclude Include="Crypt.h">
      <Filter>소스 파일\Crypt</Filter>
    </ClInclude>
    <ClInclude Include="MiniDump.h">
      <Filter>소스 파일\MiniDump</Filter>
    </ClInclude>
    <ClInclude Include="ThreadSync.h">
      <Filter>소스 파일\ThreadSync</Filter>
    </ClInclude>
  </ItemGroup>
  <ItemGroup>
    <ClCompile Include="stdafx.cpp">
      <Filter>소스 파일</Filter>
    </ClCompile>
    <ClCompile Include="Stream.cpp">
      <Filter>소스 파일\Stream</Filter>
    </ClCompile>
    <ClCompile Include="Registry.cpp">
      <Filter>소스 파일\Registry</Filter>
    </ClCompile>
    <ClCompile Include="IniFile.cpp">
      <Filter>소스 파일\IniFile</Filter>
    </ClCompile>
    <ClCompile Include="Crypt.cpp">
      <Filter>소스 파일\Crypt</Filter>
    </ClCompile>
    <ClCompile Include="MiniDump.cpp">
      <Filter>소스 파일\MiniDump</Filter>
    </ClCompile>
  </ItemGroup>
</Project>